<?xml version="1.0" encoding="utf-8"?>
<Project ToolsVersion="4.0" xmlns="http://schemas.microsoft.com/developer/msbuild/2003">
  <ItemGroup>
    <Filter Include="Source Files">
      <UniqueIdentifier>{4FC737F1-C7A5-4376-A066-2A32D752A2FF}</UniqueIdentifier>
      <Extensions>cpp;c;cc;cxx;c++;cppm;ixx;def;odl;idl;hpj;bat;asm;asmx</Extensions>
    </Filter>
    <Filter Include="Resource Files">
      <UniqueIdentifier>{67DA6AB6-F800-4c08-8B7A-83BB121AAD01}</UniqueIdentifier>
      <Extensions>rc;ico;cur;bmp;dlg;rc2;rct;bin;rgs;gif;jpg;jpeg;jpe;resx;tiff;tif;png;wav;mfcribbon-ms</Extensions>
    </Filter>
    <Filter Include="Source Files\Systems">
      <UniqueIdentifier>{2670527c-ba49-4be7-a729-450cb2b0a5bb}</UniqueIdentifier>
    </Filter>
    <Filter Include="Source Files\ECS">
      <UniqueIdentifier>{78ca3cd6-a0d7-424a-b56a-ace01cef0a14}</UniqueIdentifier>
    </Filter>
    <Filter Include="Source Files\Components">
      <UniqueIdentifier>{a2ef4434-1d4e-464f-9333-ea9caf6aa62b}</UniqueIdentifier>
    </Filter>
    <Filter Include="Source Files\Constants">
      <UniqueIdentifier>{e28711ef-850f-4489-add0-693b1215b4ed}</UniqueIdentifier>
    </Filter>
    <Filter Include="Source Files\Models">
      <UniqueIdentifier>{b441430a-87ca-405f-8e35-a9105854e7bc}</UniqueIdentifier>
    </Filter>
  </ItemGroup>
  <ItemGroup>
    <ClCompile Include="include\cinna\CinnabarApp.cpp">
      <Filter>Source Files</Filter>
    </ClCompile>
    <ClCompile Include="include\cinna\PCH.cpp">
      <Filter>Source Files</Filter>
    </ClCompile>
    <ClCompile Include="include\cinna\GraphicsSystem.cpp">
      <Filter>Source Files\Systems</Filter>
    </ClCompile>
    <ClCompile Include="include\cinna\ConfigurationSystem.cpp">
      <Filter>Source Files\Systems</Filter>
    </ClCompile>
    <ClCompile Include="include\cinna\AudioSystem.cpp">
      <Filter>Source Files\Systems</Filter>
    </ClCompile>
  </ItemGroup>
  <ItemGroup>
    <ClInclude Include="include\cinna\PCH.h">
      <Filter>Source Files</Filter>
    </ClInclude>
    <ClInclude Include="include\cinna\CinnabarApp.h">
      <Filter>Source Files</Filter>
    </ClInclude>
    <ClInclude Include="include\cinna\CinnabarException.h">
      <Filter>Source Files</Filter>
    </ClInclude>
    <ClInclude Include="include\cinna\GraphicsSystem.h">
      <Filter>Source Files\Systems</Filter>
    </ClInclude>
    <ClInclude Include="include\cinna\EcsAgent.h">
      <Filter>Source Files\ECS</Filter>
    </ClInclude>
    <ClInclude Include="include\cinna\EcsComponentCache.h">
      <Filter>Source Files\ECS</Filter>
    </ClInclude>
    <ClInclude Include="include\cinna\EcsComponentManager.h">
      <Filter>Source Files\ECS</Filter>
    </ClInclude>
    <ClInclude Include="include\cinna\EcsEntityManager.h">
      <Filter>Source Files\ECS</Filter>
    </ClInclude>
    <ClInclude Include="include\cinna\EcsEvent.h">
      <Filter>Source Files\ECS</Filter>
    </ClInclude>
    <ClInclude Include="include\cinna\EcsEventManager.h">
      <Filter>Source Files\ECS</Filter>
    </ClInclude>
    <ClInclude Include="include\cinna\EcsSystem.h">
      <Filter>Source Files\ECS</Filter>
    </ClInclude>
    <ClInclude Include="include\cinna\EcsSystemManager.h">
      <Filter>Source Files\ECS</Filter>
    </ClInclude>
    <ClInclude Include="include\cinna\EcsTypes.h">
      <Filter>Source Files\ECS</Filter>
    </ClInclude>
    <ClInclude Include="include\cinna\GraphicsContext.h">
      <Filter>Source Files\Components</Filter>
    </ClInclude>
    <ClInclude Include="include\cinna\GraphicsConstants.h">
      <Filter>Source Files\Constants</Filter>
    </ClInclude>
    <ClInclude Include="include\cinna\EngineContext.h">
      <Filter>Source Files\Components</Filter>
    </ClInclude>
    <ClInclude Include="include\cinna\EngineConstants.h">
      <Filter>Source Files\Constants</Filter>
    </ClInclude>
    <ClInclude Include="include\cinna\ConfigurationContext.h">
      <Filter>Source Files\Components</Filter>
    </ClInclude>
    <ClInclude Include="include\cinna\AudioContext.h">
      <Filter>Source Files\Components</Filter>
    </ClInclude>
    <ClInclude Include="include\cinna\InputContext.h">
      <Filter>Source Files\Components</Filter>
    </ClInclude>
    <ClInclude Include="include\cinna\EngineConfiguration.h">
      <Filter>Source Files\Models</Filter>
    </ClInclude>
    <ClInclude Include="include\cinna\GraphicsConfiguration.h">
      <Filter>Source Files\Models</Filter>
    </ClInclude>
    <ClInclude Include="include\cinna\ConfigurationSystem.h">
      <Filter>Source Files\Systems</Filter>
    </ClInclude>
    <ClInclude Include="include\cinna\ConfigurationConstants.h">
      <Filter>Source Files\Constants</Filter>
    </ClInclude>
    <ClInclude Include="include\cinna\AudioConstants.h">
      <Filter>Source Files\Constants</Filter>
    </ClInclude>
    <ClInclude Include="include\cinna\AudioConfiguration.h">
      <Filter>Source Files\Models</Filter>
    </ClInclude>
    <ClInclude Include="include\cinna\AudioSystem.h">
      <Filter>Source Files\Systems</Filter>
    </ClInclude>
    <ClInclude Include="include\cinna\Vector2.h">
      <Filter>Source Files\Models</Filter>
    </ClInclude>
    <ClInclude Include="include\cinna\Rect.h">
      <Filter>Source Files\Models</Filter>
    </ClInclude>
    <ClInclude Include="include\cinna\DebugContext.h">
      <Filter>Source Files\Components</Filter>
    </ClInclude>
  </ItemGroup>
</Project>